Microsoft Visual Studio Solution File, Format Version 12.00
# Visual Studio Version 17
VisualStudioVersion = 17.0.31314.256
MinimumVisualStudioVersion = 10.0.40219.1
Project("{FAE04EC0-301F-11D3-BF4B-00C04F79EFBC}") = "AutomationTool", "..\..\Program Files\UE_5.8\Engine\Source\Programs\AutomationTool\AutomationTool.csproj", "{38E6811E-DC1A-3B42-BFE5-CFFFECC6D82D}"
EndProject
Project("{FAE04EC0-301F-11D3-BF4B-00C04F79EFBC}") = "VisionOS.Automation", "..\..\Program Files\UE_5.8\Engine\Platforms\VisionOS\Source\Programs\AutomationTool\VisionOS.Automation.csproj", "{67498A7A-DE2D-3A75-9C48-573C1BE506FE}"
EndProject
Project("{FAE04EC0-301F-11D3-BF4B-00C04F79EFBC}") = "Android.Automation", "..\..\Program Files\UE_5.8\Engine\Source\Programs\AutomationTool\Android\Android.Automation.csproj", "{DC0CA1D8-6171-301F-8826-781CB6BF4AE6}"
EndProject
Project("{FAE04EC0-301F-11D3-BF4B-00C04F79EFBC}") = "Apple.Automation", "..\..\Program Files\UE_5.8\Engine\Source\Programs\AutomationTool\Apple\Apple.Automation.csproj", "{54C8455F-5048-3532-91CE-22644F3DD191}"
EndProject
Project("{FAE04EC0-301F-11D3-BF4B-00C04F79EFBC}") = "AutomationUtils.Automation", "..\..\Program Files\UE_5.8\Engine\Source\Programs\AutomationTool\AutomationUtils\AutomationUtils.Automation.csproj", "{4EB99889-481F-3ED9-BCEF-9E68B16FE5A5}"
EndProject
Project("{FAE04EC0-301F-11D3-BF4B-00C04F79EFBC}") = "BuildGraph.Automation", "..\..\Program Files\UE_5.8\Engine\Source\Programs\AutomationTool\BuildGraph\BuildGraph.Automation.csproj", "{50001AF3-3809-3789-8449-20E21D5FACAC}"
EndProject
Project("{FAE04EC0-301F-11D3-BF4B-00C04F79EFBC}") = "CookedEditor.Automation", "..\..\Program Files\UE_5.8\Engine\Source\Programs\AutomationTool\CookedEditor\CookedEditor.Automation.csproj", "{6D09C027-DDB8-35C6-8324-955A8DBF57F3}"
EndProject
Project("{FAE04EC0-301F-11D3-BF4B-00C04F79EFBC}") = "CrowdinLocalization.Automation", "..\..\Program Files\UE_5.8\Engine\Source\Programs\AutomationTool\CrowdinLocalization\CrowdinLocalization.Automation.csproj", "{DC5281AD-FCDD-3A88-9650-A2968E747642}"
EndProject
Project("{FAE04EC0-301F-11D3-BF4B-00C04F79EFBC}") = "Gauntlet.Automation", "..\..\Program Files\UE_5.8\Engine\Source\Programs\AutomationTool\Gauntlet\Gauntlet.Automation.csproj", "{FC99B86E-D152-3FB0-AD04-6AFCD888173C}"
EndProject
Project("{FAE04EC0-301F-11D3-BF4B-00C04F79EFBC}") = "Insights.Automation", "..\..\Program Files\UE_5.8\Engine\Source\Programs\AutomationTool\Insights\Insights.Automation.csproj", "{6407FF8B-7891-330A-839E-A4648C574D90}"
EndProject
Project("{FAE04EC0-301F-11D3-BF4B-00C04F79EFBC}") = "IOS.Automation", "..\..\Program Files\UE_5.8\Engine\Source\Programs\AutomationTool\IOS\IOS.Automation.csproj", "{FF3A824D-5A26-3328-9EB2-41CE53D664C3}"
EndProject
Project("{FAE04EC0-301F-11D3-BF4B-00C04F79EFBC}") = "Linux.Automation", "..\..\Program Files\UE_5.8\Engine\Source\Programs\AutomationTool\Linux\Linux.Automation.csproj", "{EB028B9E-F7D3-30F0-8089-77585B0CEE55}"
EndProject
Project("{FAE04EC0-301F-11D3-BF4B-00C04F79EFBC}") = "LiveLinkHub.Automation", "..\..\Program Files\UE_5.8\Engine\Source\Programs\AutomationTool\LiveLinkHub\LiveLinkHub.Automation.csproj", "{18D06BA8-19B0-37DE-88CC-4F9F7CB639DD}"
EndProject
Project("{FAE04EC0-301F-11D3-BF4B-00C04F79EFBC}") = "Localization.Automation", "..\..\Program Files\UE_5.8\Engine\Source\Programs\AutomationTool\Localization\Localization.Automation.csproj", "{2C2C0104-E6A3-3C21-A3FB-49949C7540E0}"
EndProject
Project("{FAE04EC0-301F-11D3-BF4B-00C04F79EFBC}") = "LowLevelTests.Automation", "..\..\Program Files\UE_5.8\Engine\Source\Programs\AutomationTool\LowLevelTests\LowLevelTests.Automation.csproj", "{F6EAE3F6-93DD-36EE-9155-7DAB82FD48EC}"
EndProject
Project("{FAE04EC0-301F-11D3-BF4B-00C04F79EFBC}") = "Mac.Automation", "..\..\Program Files\UE_5.8\Engine\Source\Programs\AutomationTool\Mac\Mac.Automation.csproj", "{4D87958C-AFE4-3844-9E2A-9B79CE7EC0F3}"
EndProject
Project("{FAE04EC0-301F-11D3-BF4B-00C04F79EFBC}") = "Microsoft.Automation", "..\..\Program Files\UE_5.8\Engine\Source\Programs\AutomationTool\Microsoft\Microsoft.Automation.csproj", "{626800B8-DC29-3E24-9937-87633662B351}"
EndProject
Project("{FAE04EC0-301F-11D3-BF4B-00C04F79EFBC}") = "Mutable.Automation", "..\..\Program Files\UE_5.8\Engine\Source\Programs\AutomationTool\Mutable\Mutable.Automation.csproj", "{DD4C10B2-899E-3994-AA6E-8CC043FB0E65}"
EndProject
Project("{FAE04EC0-301F-11D3-BF4B-00C04F79EFBC}") = "OneSkyLocalization.Automation", "..\..\Program Files\UE_5.8\Engine\Source\Programs\AutomationTool\OneSkyLocalization\OneSkyLocalization.Automation.csproj", "{B7077158-576C-33C7-9F39-BB730F00E770}"
EndProject
Project("{FAE04EC0-301F-11D3-BF4B-00C04F79EFBC}") = "AutomationScripts.Automation", "..\..\Program Files\UE_5.8\Engine\Source\Programs\AutomationTool\Scripts\AutomationScripts.Automation.csproj", "{78DFBB96-C914-343F-BFB8-D086427C0AA4}"
EndProject
Project("{FAE04EC0-301F-11D3-BF4B-00C04F79EFBC}") = "SmartlingLocalization.Automation", "..\..\Program Files\UE_5.8\Engine\Source\Programs\AutomationTool\SmartlingLocalization\SmartlingLocalization.Automation.csproj", "{E9D143DB-AE26-38FD-AA9A-A758291A3110}"
EndProject
Project("{FAE04EC0-301F-11D3-BF4B-00C04F79EFBC}") = "SteamDeck.Automation", "..\..\Program Files\UE_5.8\Engine\Source\Programs\AutomationTool\SteamDeck\SteamDeck.Automation.csproj", "{D0ADB07F-C571-3B66-ACF5-E4B7FC8BFC19}"
EndProject
Project("{FAE04EC0-301F-11D3-BF4B-00C04F79EFBC}") = "Turnkey.Automation", "..\..\Program Files\UE_5.8\Engine\Source\Programs\AutomationTool\Turnkey\Turnkey.Automation.csproj", "{2C42AC2B-48BF-3F6E-87AA-2A579FF1FD27}"
EndProject
Project("{FAE04EC0-301F-11D3-BF4B-00C04F79EFBC}") = "TVOS.Automation", "..\..\Program Files\UE_5.8\Engine\Source\Programs\AutomationTool\TVOS\TVOS.Automation.csproj", "{AAB31944-A63A-3D19-BBCC-2C11D02DD121}"
EndProject
Project("{FAE04EC0-301F-11D3-BF4B-00C04F79EFBC}") = "Win.Automation", "..\..\Program Files\UE_5.8\Engine\Source\Programs\AutomationTool\Win\Win.Automation.csproj", "{A966764F-847B-31DC-A615-6FEA39E55C99}"
EndProject
Project("{FAE04EC0-301F-11D3-BF4B-00C04F79EFBC}") = "XLocLocalization.Automation", "..\..\Program Files\UE_5.8\Engine\Source\Programs\AutomationTool\XLocLocalization\XLocLocalization.Automation.csproj", "{C138F645-5FCC-3B52-A568-05E7DC41D7F5}"
EndProject
Project("{2150E333-8FDC-42A3-9474-1A3956D46DE8}") = "Dependencies", "Dependencies", "{58A72724-8CB8-3260-8ADB-0161BCAC3D64}"
EndProject
Project("{FAE04EC0-301F-11D3-BF4B-00C04F79EFBC}") = "EpicGames.BuildGraph", "..\..\Program Files\UE_5.8\Engine\Source\Programs\Shared\EpicGames.BuildGraph\EpicGames.BuildGraph.csproj", "{F848303E-D8C5-3D6F-9665-710FE6F92D98}"
EndProject
Project("{FAE04EC0-301F-11D3-BF4B-00C04F79EFBC}") = "EpicGames.Build", "..\..\Program Files\UE_5.8\Engine\Source\Programs\Shared\EpicGames.Build\EpicGames.Build.csproj", "{83CE079C-C2D2-3BFC-BBFF-DEF0B48763BB}"
EndProject
Project("{FAE04EC0-301F-11D3-BF4B-00C04F79EFBC}") = "EpicGames.ProjectStore", "..\..\Program Files\UE_5.8\Engine\Source\Programs\Shared\EpicGames.ProjectStore\EpicGames.ProjectStore.csproj", "{90A5C448-C522-3B82-A46A-4CD1221C9ACE}"
EndProject
Project("{FAE04EC0-301F-11D3-BF4B-00C04F79EFBC}") = "EpicGames.LogMatchers", "..\..\Program Files\UE_5.8\Engine\Source\Programs\Shared\EpicGames.LogMatchers\EpicGames.LogMatchers.csproj", "{2A34DBFD-2F05-3366-A89D-3E423E245044}"
EndProject
Project("{FAE04EC0-301F-11D3-BF4B-00C04F79EFBC}") = "EpicGames.Perforce", "..\..\Program Files\UE_5.8\Engine\Source\Programs\Shared\EpicGames.Perforce\EpicGames.Perforce.csproj", "{CB61C558-999C-3AB4-BC91-31179341C536}"
EndProject
Project("{FAE04EC0-301F-11D3-BF4B-00C04F79EFBC}") = "EpicGames.Core", "..\..\Program Files\UE_5.8\Engine\Source\Programs\Shared\EpicGames.Core\EpicGames.Core.csproj", "{A679DD75-6167-36B9-9625-211B8B333C92}"
EndProject
Project("{FAE04EC0-301F-11D3-BF4B-00C04F79EFBC}") = "EpicGames.Horde", "..\..\Program Files\UE_5.8\Engine\Source\Programs\Shared\EpicGames.Horde\EpicGames.Horde.csproj", "{4FA8CF18-9BBB-3DD8-B8D3-44B5D9AC827C}"
EndProject
Project("{FAE04EC0-301F-11D3-BF4B-00C04F79EFBC}") = "UnrealBuildTool", "..\..\Program Files\UE_5.8\Engine\Source\Programs\UnrealBuildTool\UnrealBuildTool.csproj", "{7C507853-F3FD-3BFC-9A6B-6FD40A0912CB}"
EndProject
Project("{FAE04EC0-301F-11D3-BF4B-00C04F79EFBC}") = "EpicGames.Oodle", "..\..\Program Files\UE_5.8\Engine\Source\Programs\Shared\EpicGames.Oodle\EpicGames.Oodle.csproj", "{DCBE6FF8-FD05-33CE-AC7B-AF5905C17897}"
EndProject
Project("{FAE04EC0-301F-11D3-BF4B-00C04F79EFBC}") = "EpicGames.IoHash", "..\..\Program Files\UE_5.8\Engine\Source\Programs\Shared\EpicGames.IoHash\EpicGames.IoHash.csproj", "{440FB6B0-99C2-393B-A931-588EFAF939DA}"
EndProject
Project("{FAE04EC0-301F-11D3-BF4B-00C04F79EFBC}") = "EpicGames.Analytics.Telemetry", "..\..\Program Files\UE_5.8\Engine\Source\Programs\Shared\EpicGames.Analytics.Telemetry\EpicGames.Analytics.Telemetry.csproj", "{9A5110F5-EA61-3808-8945-5363019C9A32}"
EndProject
Project("{FAE04EC0-301F-11D3-BF4B-00C04F79EFBC}") = "EpicGames.Serialization", "..\..\Program Files\UE_5.8\Engine\Source\Programs\Shared\EpicGames.Serialization\EpicGames.Serialization.csproj", "{806D7774-0186-39E5-BF34-47068FB102F7}"
EndProject
Project("{FAE04EC0-301F-11D3-BF4B-00C04F79EFBC}") = "EpicGames.UHT", "..\..\Program Files\UE_5.8\Engine\Source\Programs\Shared\EpicGames.UHT\EpicGames.UHT.csproj", "{4CF6FA73-C9A5-33B1-98EF-64CF851E5672}"
EndProject
Project("{FAE04EC0-301F-11D3-BF4B-00C04F79EFBC}") = "EpicGames.OIDC", "..\..\Program Files\UE_5.8\Engine\Source\Programs\Shared\EpicGames.OIDC\EpicGames.OIDC.csproj", "{C54B634B-5BDC-3868-B3EB-A2204D24D20F}"
EndProject
Project("{FAE04EC0-301F-11D3-BF4B-00C04F79EFBC}") = "EpicGames.Perforce.Managed", "..\..\Program Files\UE_5.8\Engine\Source\Programs\Shared\EpicGames.Perforce.Managed\EpicGames.Perforce.Managed.csproj", "{5C78233D-4DB7-3B17-B7BA-9680B3FAC0C3}"
EndProject
Project("{FAE04EC0-301F-11D3-BF4B-00C04F79EFBC}") = "EpicGames.UBA", "..\..\Program Files\UE_5.8\Engine\Source\Programs\Shared\EpicGames.UBA\EpicGames.UBA.csproj", "{3E7C8BC6-6EF3-3977-A07F-04A5590AA7A8}"
EndProject
Project("{FAE04EC0-301F-11D3-BF4B-00C04F79EFBC}") = "EpicGames.MsBuild", "..\..\Program Files\UE_5.8\Engine\Source\Programs\Shared\EpicGames.MsBuild\EpicGames.MsBuild.csproj", "{544F1E46-E3E1-3B15-9A2E-8CC0C9B7844D}"
EndProject
Project("{FAE04EC0-301F-11D3-BF4B-00C04F79EFBC}") = "EpicGames.Perforce.Fixture", "..\..\Program Files\UE_5.8\Engine\Source\Programs\Shared\EpicGames.Perforce.Fixture\EpicGames.Perforce.Fixture.csproj", "{DF994F52-1072-3DEC-B7D3-728B67FE57F0}"
EndProject
Project("{2150E333-8FDC-42A3-9474-1A3956D46DE8}") = "Tests", "Tests", "{63F96FAF-71A6-3DD6-AF0D-64B1504528FF}"
EndProject
Project("{FAE04EC0-301F-11D3-BF4B-00C04F79EFBC}") = "EpicGames.BuildGraph.Tests", "..\..\Program Files\UE_5.8\Engine\Source\Programs\Shared\EpicGames.BuildGraph.Tests\EpicGames.BuildGraph.Tests.csproj", "{BD2275F1-052B-3E91-9C98-D503708628FC}"
EndProject
Project("{FAE04EC0-301F-11D3-BF4B-00C04F79EFBC}") = "EpicGames.Core.Tests", "..\..\Program Files\UE_5.8\Engine\Source\Programs\Shared\EpicGames.Core.Tests\EpicGames.Core.Tests.csproj", "{810789FA-BB0E-3B54-99D3-B89C9695CED8}"
EndProject
Project("{FAE04EC0-301F-11D3-BF4B-00C04F79EFBC}") = "EpicGames.Build.Tests", "..\..\Program Files\UE_5.8\Engine\Source\Programs\Shared\EpicGames.Build.Tests\EpicGames.Build.Tests.csproj", "{852FD63D-636A-3B41-B073-96EEA8068581}"
EndProject
Project("{FAE04EC0-301F-11D3-BF4B-00C04F79EFBC}") = "EpicGames.LogMatchers.Tests", "..\..\Program Files\UE_5.8\Engine\Source\Programs\Shared\EpicGames.LogMatchers.Tests\EpicGames.LogMatchers.Tests.csproj", "{E0360880-E389-3D03-BC44-A580674FBCA9}"
EndProject
Project("{FAE04EC0-301F-11D3-BF4B-00C04F79EFBC}") = "EpicGames.Perforce.Tests", "..\..\Program Files\UE_5.8\Engine\Source\Programs\Shared\EpicGames.Perforce.Tests\EpicGames.Perforce.Tests.csproj", "{E60C87AB-1E2C-3EDF-9A68-15AA5F1F835E}"
EndProject
Project("{FAE04EC0-301F-11D3-BF4B-00C04F79EFBC}") = "EpicGames.Horde.Tests", "..\..\Program Files\UE_5.8\Engine\Source\Programs\Shared\EpicGames.Horde.Tests\EpicGames.Horde.Tests.csproj", "{6ED7B1BC-AC53-3317-B5F9-A0F07B44016B}"
EndProject
Project("{FAE04EC0-301F-11D3-BF4B-00C04F79EFBC}") = "EpicGames.IoHash.Tests", "..\..\Program Files\UE_5.8\Engine\Source\Programs\Shared\EpicGames.IoHash.Tests\EpicGames.IoHash.Tests.csproj", "{B1166075-A35E-34FD-95D9-C8C8157E6B5D}"
EndProject
Project("{FAE04EC0-301F-11D3-BF4B-00C04F79EFBC}") = "EpicGames.Serialization.Tests", "..\..\Program Files\UE_5.8\Engine\Source\Programs\Shared\EpicGames.Serialization.Tests\EpicGames.Serialization.Tests.csproj", "{FE1F307E-8119-3FC5-9334-C4D11755C672}"
EndProject
Project("{FAE04EC0-301F-11D3-BF4B-00C04F79EFBC}") = "EpicGames.Perforce.Managed.Tests", "..\..\Program Files\UE_5.8\Engine\Source\Programs\Shared\EpicGames.Perforce.Managed.Tests\EpicGames.Perforce.Managed.Tests.csproj", "{4E058F67-755F-3DF0-9B2A-E4753981D96C}"
EndProject
Global
	GlobalSection(SolutionConfigurationPlatforms) = preSolution
		Analyze|Any CPU = Analyze|Any CPU
		Debug|Any CPU = Debug|Any CPU
		Development|Any CPU = Development|Any CPU
		Release|Any CPU = Release|Any CPU
	EndGlobalSection
	GlobalSection(ProjectConfigurationPlatforms) = postSolution
		{38E6811E-DC1A-3B42-BFE5-CFFFECC6D82D}.Analyze|Any CPU.ActiveCfg = Analyze|Any CPU
		{38E6811E-DC1A-3B42-BFE5-CFFFECC6D82D}.Analyze|Any CPU.Build.0 = Analyze|Any CPU
		{38E6811E-DC1A-3B42-BFE5-CFFFECC6D82D}.Debug|Any CPU.ActiveCfg = Debug|Any CPU
		{38E6811E-DC1A-3B42-BFE5-CFFFECC6D82D}.Debug|Any CPU.Build.0 = Debug|Any CPU
		{38E6811E-DC1A-3B42-BFE5-CFFFECC6D82D}.Development|Any CPU.ActiveCfg = Development|Any CPU
		{38E6811E-DC1A-3B42-BFE5-CFFFECC6D82D}.Development|Any CPU.Build.0 = Development|Any CPU
		{38E6811E-DC1A-3B42-BFE5-CFFFECC6D82D}.Release|Any CPU.ActiveCfg = Release|Any CPU
		{38E6811E-DC1A-3B42-BFE5-CFFFECC6D82D}.Release|Any CPU.Build.0 = Release|Any CPU
		{67498A7A-DE2D-3A75-9C48-573C1BE506FE}.Analyze|Any CPU.ActiveCfg = Analyze|Any CPU
		{67498A7A-DE2D-3A75-9C48-573C1BE506FE}.Analyze|Any CPU.Build.0 = Analyze|Any CPU
		{67498A7A-DE2D-3A75-9C48-573C1BE506FE}.Debug|Any CPU.ActiveCfg = Debug|Any CPU
		{67498A7A-DE2D-3A75-9C48-573C1BE506FE}.Debug|Any CPU.Build.0 = Debug|Any CPU
		{67498A7A-DE2D-3A75-9C48-573C1BE506FE}.Development|Any CPU.ActiveCfg = Development|Any CPU
		{67498A7A-DE2D-3A75-9C48-573C1BE506FE}.Development|Any CPU.Build.0 = Development|Any CPU
		{67498A7A-DE2D-3A75-9C48-573C1BE506FE}.Release|Any CPU.ActiveCfg = Release|Any CPU
		{67498A7A-DE2D-3A75-9C48-573C1BE506FE}.Release|Any CPU.Build.0 = Release|Any CPU
		{DC0CA1D8-6171-301F-8826-781CB6BF4AE6}.Analyze|Any CPU.ActiveCfg = Analyze|Any CPU
		{DC0CA1D8-6171-301F-8826-781CB6BF4AE6}.Analyze|Any CPU.Build.0 = Analyze|Any CPU
		{DC0CA1D8-6171-301F-8826-781CB6BF4AE6}.Debug|Any CPU.ActiveCfg = Debug|Any CPU
		{DC0CA1D8-6171-301F-8826-781CB6BF4AE6}.Debug|Any CPU.Build.0 = Debug|Any CPU
		{DC0CA1D8-6171-301F-8826-781CB6BF4AE6}.Development|Any CPU.ActiveCfg = Development|Any CPU
		{DC0CA1D8-6171-301F-8826-781CB6BF4AE6}.Development|Any CPU.Build.0 = Development|Any CPU
		{DC0CA1D8-6171-301F-8826-781CB6BF4AE6}.Release|Any CPU.ActiveCfg = Release|Any CPU
		{DC0CA1D8-6171-301F-8826-781CB6BF4AE6}.Release|Any CPU.Build.0 = Release|Any CPU
		{54C8455F-5048-3532-91CE-22644F3DD191}.Analyze|Any CPU.ActiveCfg = Analyze|Any CPU
		{54C8455F-5048-3532-91CE-22644F3DD191}.Analyze|Any CPU.Build.0 = Analyze|Any CPU
		{54C8455F-5048-3532-91CE-22644F3DD191}.Debug|Any CPU.ActiveCfg = Debug|Any CPU
		{54C8455F-5048-3532-91CE-22644F3DD191}.Debug|Any CPU.Build.0 = Debug|Any CPU
		{54C8455F-5048-3532-91CE-22644F3DD191}.Development|Any CPU.ActiveCfg = Development|Any CPU
		{54C8455F-5048-3532-91CE-22644F3DD191}.Development|Any CPU.Build.0 = Development|Any CPU
		{54C8455F-5048-3532-91CE-22644F3DD191}.Release|Any CPU.ActiveCfg = Release|Any CPU
		{54C8455F-5048-3532-91CE-22644F3DD191}.Release|Any CPU.Build.0 = Release|Any CPU
		{4EB99889-481F-3ED9-BCEF-9E68B16FE5A5}.Analyze|Any CPU.ActiveCfg = Analyze|Any CPU
		{4EB99889-481F-3ED9-BCEF-9E68B16FE5A5}.Analyze|Any CPU.Build.0 = Analyze|Any CPU
		{4EB99889-481F-3ED9-BCEF-9E68B16FE5A5}.Debug|Any CPU.ActiveCfg = Debug|Any CPU
		{4EB99889-481F-3ED9-BCEF-9E68B16FE5A5}.Debug|Any CPU.Build.0 = Debug|Any CPU
		{4EB99889-481F-3ED9-BCEF-9E68B16FE5A5}.Development|Any CPU.ActiveCfg = Development|Any CPU
		{4EB99889-481F-3ED9-BCEF-9E68B16FE5A5}.Development|Any CPU.Build.0 = Development|Any CPU
		{4EB99889-481F-3ED9-BCEF-9E68B16FE5A5}.Release|Any CPU.ActiveCfg = Release|Any CPU
		{4EB99889-481F-3ED9-BCEF-9E68B16FE5A5}.Release|Any CPU.Build.0 = Release|Any CPU
		{50001AF3-3809-3789-8449-20E21D5FACAC}.Analyze|Any CPU.ActiveCfg = Analyze|Any CPU
		{50001AF3-3809-3789-8449-20E21D5FACAC}.Analyze|Any CPU.Build.0 = Analyze|Any CPU
		{50001AF3-3809-3789-8449-20E21D5FACAC}.Debug|Any CPU.ActiveCfg = Debug|Any CPU
		{50001AF3-3809-3789-8449-20E21D5FACAC}.Debug|Any CPU.Build.0 = Debug|Any CPU
		{50001AF3-3809-3789-8449-20E21D5FACAC}.Development|Any CPU.ActiveCfg = Development|Any CPU
		{50001AF3-3809-3789-8449-20E21D5FACAC}.Development|Any CPU.Build.0 = Development|Any CPU
		{50001AF3-3809-3789-8449-20E21D5FACAC}.Release|Any CPU.ActiveCfg = Release|Any CPU
		{50001AF3-3809-3789-8449-20E21D5FACAC}.Release|Any CPU.Build.0 = Release|Any CPU
		{6D09C027-DDB8-35C6-8324-955A8DBF57F3}.Analyze|Any CPU.ActiveCfg = Analyze|Any CPU
		{6D09C027-DDB8-35C6-8324-955A8DBF57F3}.Analyze|Any CPU.Build.0 = Analyze|Any CPU
		{6D09C027-DDB8-35C6-8324-955A8DBF57F3}.Debug|Any CPU.ActiveCfg = Debug|Any CPU
		{6D09C027-DDB8-35C6-8324-955A8DBF57F3}.Debug|Any CPU.Build.0 = Debug|Any CPU
		{6D09C027-DDB8-35C6-8324-955A8DBF57F3}.Development|Any CPU.ActiveCfg = Development|Any CPU
		{6D09C027-DDB8-35C6-8324-955A8DBF57F3}.Development|Any CPU.Build.0 = Development|Any CPU
		{6D09C027-DDB8-35C6-8324-955A8DBF57F3}.Release|Any CPU.ActiveCfg = Release|Any CPU
		{6D09C027-DDB8-35C6-8324-955A8DBF57F3}.Release|Any CPU.Build.0 = Release|Any CPU
		{DC5281AD-FCDD-3A88-9650-A2968E747642}.Analyze|Any CPU.ActiveCfg = Analyze|Any CPU
		{DC5281AD-FCDD-3A88-9650-A2968E747642}.Analyze|Any CPU.Build.0 = Analyze|Any CPU
		{DC5281AD-FCDD-3A88-9650-A2968E747642}.Debug|Any CPU.ActiveCfg = Debug|Any CPU
		{DC5281AD-FCDD-3A88-9650-A2968E747642}.Debug|Any CPU.Build.0 = Debug|Any CPU
		{DC5281AD-FCDD-3A88-9650-A2968E747642}.Development|Any CPU.ActiveCfg = Development|Any CPU
		{DC5281AD-FCDD-3A88-9650-A2968E747642}.Development|Any CPU.Build.0 = Development|Any CPU
		{DC5281AD-FCDD-3A88-9650-A2968E747642}.Release|Any CPU.ActiveCfg = Release|Any CPU
		{DC5281AD-FCDD-3A88-9650-A2968E747642}.Release|Any CPU.Build.0 = Release|Any CPU
		{FC99B86E-D152-3FB0-AD04-6AFCD888173C}.Analyze|Any CPU.ActiveCfg = Analyze|Any CPU
		{FC99B86E-D152-3FB0-AD04-6AFCD888173C}.Analyze|Any CPU.Build.0 = Analyze|Any CPU
		{FC99B86E-D152-3FB0-AD04-6AFCD888173C}.Debug|Any CPU.ActiveCfg = Debug|Any CPU
		{FC99B86E-D152-3FB0-AD04-6AFCD888173C}.Debug|Any CPU.Build.0 = Debug|Any CPU
		{FC99B86E-D152-3FB0-AD04-6AFCD888173C}.Development|Any CPU.ActiveCfg = Development|Any CPU
		{FC99B86E-D152-3FB0-AD04-6AFCD888173C}.Development|Any CPU.Build.0 = Development|Any CPU
		{FC99B86E-D152-3FB0-AD04-6AFCD888173C}.Release|Any CPU.ActiveCfg = Release|Any CPU
		{FC99B86E-D152-3FB0-AD04-6AFCD888173C}.Release|Any CPU.Build.0 = Release|Any CPU
		{6407FF8B-7891-330A-839E-A4648C574D90}.Analyze|Any CPU.ActiveCfg = Analyze|Any CPU
		{6407FF8B-7891-330A-839E-A4648C574D90}.Analyze|Any CPU.Build.0 = Analyze|Any CPU
		{6407FF8B-7891-330A-839E-A4648C574D90}.Debug|Any CPU.ActiveCfg = Debug|Any CPU
		{6407FF8B-7891-330A-839E-A4648C574D90}.Debug|Any CPU.Build.0 = Debug|Any CPU
		{6407FF8B-7891-330A-839E-A4648C574D90}.Development|Any CPU.ActiveCfg = Development|Any CPU
		{6407FF8B-7891-330A-839E-A4648C574D90}.Development|Any CPU.Build.0 = Development|Any CPU
		{6407FF8B-7891-330A-839E-A4648C574D90}.Release|Any CPU.ActiveCfg = Release|Any CPU
		{6407FF8B-7891-330A-839E-A4648C574D90}.Release|Any CPU.Build.0 = Release|Any CPU
		{FF3A824D-5A26-3328-9EB2-41CE53D664C3}.Analyze|Any CPU.ActiveCfg = Analyze|Any CPU
		{FF3A824D-5A26-3328-9EB2-41CE53D664C3}.Analyze|Any CPU.Build.0 = Analyze|Any CPU
		{FF3A824D-5A26-3328-9EB2-41CE53D664C3}.Debug|Any CPU.ActiveCfg = Debug|Any CPU
		{FF3A824D-5A26-3328-9EB2-41CE53D664C3}.Debug|Any CPU.Build.0 = Debug|Any CPU
		{FF3A824D-5A26-3328-9EB2-41CE53D664C3}.Development|Any CPU.ActiveCfg = Development|Any CPU
		{FF3A824D-5A26-3328-9EB2-41CE53D664C3}.Development|Any CPU.Build.0 = Development|Any CPU
		{FF3A824D-5A26-3328-9EB2-41CE53D664C3}.Release|Any CPU.ActiveCfg = Release|Any CPU
		{FF3A824D-5A26-3328-9EB2-41CE53D664C3}.Release|Any CPU.Build.0 = Release|Any CPU
		{EB028B9E-F7D3-30F0-8089-77585B0CEE55}.Analyze|Any CPU.ActiveCfg = Analyze|Any CPU
		{EB028B9E-F7D3-30F0-8089-77585B0CEE55}.Analyze|Any CPU.Build.0 = Analyze|Any CPU
		{EB028B9E-F7D3-30F0-8089-77585B0CEE55}.Debug|Any CPU.ActiveCfg = Debug|Any CPU
		{EB028B9E-F7D3-30F0-8089-77585B0CEE55}.Debug|Any CPU.Build.0 = Debug|Any CPU
		{EB028B9E-F7D3-30F0-8089-77585B0CEE55}.Development|Any CPU.ActiveCfg = Development|Any CPU
		{EB028B9E-F7D3-30F0-8089-77585B0CEE55}.Development|Any CPU.Build.0 = Development|Any CPU
		{EB028B9E-F7D3-30F0-8089-77585B0CEE55}.Release|Any CPU.ActiveCfg = Release|Any CPU
		{EB028B9E-F7D3-30F0-8089-77585B0CEE55}.Release|Any CPU.Build.0 = Release|Any CPU
		{18D06BA8-19B0-37DE-88CC-4F9F7CB639DD}.Analyze|Any CPU.ActiveCfg = Analyze|Any CPU
		{18D06BA8-19B0-37DE-88CC-4F9F7CB639DD}.Analyze|Any CPU.Build.0 = Analyze|Any CPU
		{18D06BA8-19B0-37DE-88CC-4F9F7CB639DD}.Debug|Any CPU.ActiveCfg = Debug|Any CPU
		{18D06BA8-19B0-37DE-88CC-4F9F7CB639DD}.Debug|Any CPU.Build.0 = Debug|Any CPU
		{18D06BA8-19B0-37DE-88CC-4F9F7CB639DD}.Development|Any CPU.ActiveCfg = Development|Any CPU
		{18D06BA8-19B0-37DE-88CC-4F9F7CB639DD}.Development|Any CPU.Build.0 = Development|Any CPU
		{18D06BA8-19B0-37DE-88CC-4F9F7CB639DD}.Release|Any CPU.ActiveCfg = Release|Any CPU
		{18D06BA8-19B0-37DE-88CC-4F9F7CB639DD}.Release|Any CPU.Build.0 = Release|Any CPU
		{2C2C0104-E6A3-3C21-A3FB-49949C7540E0}.Analyze|Any CPU.ActiveCfg = Analyze|Any CPU
		{2C2C0104-E6A3-3C21-A3FB-49949C7540E0}.Analyze|Any CPU.Build.0 = Analyze|Any CPU
		{2C2C0104-E6A3-3C21-A3FB-49949C7540E0}.Debug|Any CPU.ActiveCfg = Debug|Any CPU
		{2C2C0104-E6A3-3C21-A3FB-49949C7540E0}.Debug|Any CPU.Build.0 = Debug|Any CPU
		{2C2C0104-E6A3-3C21-A3FB-49949C7540E0}.Development|Any CPU.ActiveCfg = Development|Any CPU
		{2C2C0104-E6A3-3C21-A3FB-49949C7540E0}.Development|Any CPU.Build.0 = Development|Any CPU
		{2C2C0104-E6A3-3C21-A3FB-49949C7540E0}.Release|Any CPU.ActiveCfg = Release|Any CPU
		{2C2C0104-E6A3-3C21-A3FB-49949C7540E0}.Release|Any CPU.Build.0 = Release|Any CPU
		{F6EAE3F6-93DD-36EE-9155-7DAB82FD48EC}.Analyze|Any CPU.ActiveCfg = Analyze|Any CPU
		{F6EAE3F6-93DD-36EE-9155-7DAB82FD48EC}.Analyze|Any CPU.Build.0 = Analyze|Any CPU
		{F6EAE3F6-93DD-36EE-9155-7DAB82FD48EC}.Debug|Any CPU.ActiveCfg = Debug|Any CPU
		{F6EAE3F6-93DD-36EE-9155-7DAB82FD48EC}.Debug|Any CPU.Build.0 = Debug|Any CPU
		{F6EAE3F6-93DD-36EE-9155-7DAB82FD48EC}.Development|Any CPU.ActiveCfg = Development|Any CPU
		{F6EAE3F6-93DD-36EE-9155-7DAB82FD48EC}.Development|Any CPU.Build.0 = Development|Any CPU
		{F6EAE3F6-93DD-36EE-9155-7DAB82FD48EC}.Release|Any CPU.ActiveCfg = Release|Any CPU
		{F6EAE3F6-93DD-36EE-9155-7DAB82FD48EC}.Release|Any CPU.Build.0 = Release|Any CPU
		{4D87958C-AFE4-3844-9E2A-9B79CE7EC0F3}.Analyze|Any CPU.ActiveCfg = Analyze|Any CPU
		{4D87958C-AFE4-3844-9E2A-9B79CE7EC0F3}.Analyze|Any CPU.Build.0 = Analyze|Any CPU
		{4D87958C-AFE4-3844-9E2A-9B79CE7EC0F3}.Debug|Any CPU.ActiveCfg = Debug|Any CPU
		{4D87958C-AFE4-3844-9E2A-9B79CE7EC0F3}.Debug|Any CPU.Build.0 = Debug|Any CPU
		{4D87958C-AFE4-3844-9E2A-9B79CE7EC0F3}.Development|Any CPU.ActiveCfg = Development|Any CPU
		{4D87958C-AFE4-3844-9E2A-9B79CE7EC0F3}.Development|Any CPU.Build.0 = Development|Any CPU
		{4D87958C-AFE4-3844-9E2A-9B79CE7EC0F3}.Release|Any CPU.ActiveCfg = Release|Any CPU
		{4D87958C-AFE4-3844-9E2A-9B79CE7EC0F3}.Release|Any CPU.Build.0 = Release|Any CPU
		{626800B8-DC29-3E24-9937-87633662B351}.Analyze|Any CPU.ActiveCfg = Analyze|Any CPU
		{626800B8-DC29-3E24-9937-87633662B351}.Analyze|Any CPU.Build.0 = Analyze|Any CPU
		{626800B8-DC29-3E24-9937-87633662B351}.Debug|Any CPU.ActiveCfg = Debug|Any CPU
		{626800B8-DC29-3E24-9937-87633662B351}.Debug|Any CPU.Build.0 = Debug|Any CPU
		{626800B8-DC29-3E24-9937-87633662B351}.Development|Any CPU.ActiveCfg = Development|Any CPU
		{626800B8-DC29-3E24-9937-87633662B351}.Development|Any CPU.Build.0 = Development|Any CPU
		{626800B8-DC29-3E24-9937-87633662B351}.Release|Any CPU.ActiveCfg = Release|Any CPU
		{626800B8-DC29-3E24-9937-87633662B351}.Release|Any CPU.Build.0 = Release|Any CPU
		{DD4C10B2-899E-3994-AA6E-8CC043FB0E65}.Analyze|Any CPU.ActiveCfg = Analyze|Any CPU
		{DD4C10B2-899E-3994-AA6E-8CC043FB0E65}.Analyze|Any CPU.Build.0 = Analyze|Any CPU
		{DD4C10B2-899E-3994-AA6E-8CC043FB0E65}.Debug|Any CPU.ActiveCfg = Debug|Any CPU
		{DD4C10B2-899E-3994-AA6E-8CC043FB0E65}.Debug|Any CPU.Build.0 = Debug|Any CPU
		{DD4C10B2-899E-3994-AA6E-8CC043FB0E65}.Development|Any CPU.ActiveCfg = Development|Any CPU
		{DD4C10B2-899E-3994-AA6E-8CC043FB0E65}.Development|Any CPU.Build.0 = Development|Any CPU
		{DD4C10B2-899E-3994-AA6E-8CC043FB0E65}.Release|Any CPU.ActiveCfg = Release|Any CPU
		{DD4C10B2-899E-3994-AA6E-8CC043FB0E65}.Release|Any CPU.Build.0 = Release|Any CPU
		{B7077158-576C-33C7-9F39-BB730F00E770}.Analyze|Any CPU.ActiveCfg = Analyze|Any CPU
		{B7077158-576C-33C7-9F39-BB730F00E770}.Analyze|Any CPU.Build.0 = Analyze|Any CPU
		{B7077158-576C-33C7-9F39-BB730F00E770}.Debug|Any CPU.ActiveCfg = Debug|Any CPU
		{B7077158-576C-33C7-9F39-BB730F00E770}.Debug|Any CPU.Build.0 = Debug|Any CPU
		{B7077158-576C-33C7-9F39-BB730F00E770}.Development|Any CPU.ActiveCfg = Development|Any CPU
		{B7077158-576C-33C7-9F39-BB730F00E770}.Development|Any CPU.Build.0 = Development|Any CPU
		{B7077158-576C-33C7-9F39-BB730F00E770}.Release|Any CPU.ActiveCfg = Release|Any CPU
		{B7077158-576C-33C7-9F39-BB730F00E770}.Release|Any CPU.Build.0 = Release|Any CPU
		{78DFBB96-C914-343F-BFB8-D086427C0AA4}.Analyze|Any CPU.ActiveCfg = Analyze|Any CPU
		{78DFBB96-C914-343F-BFB8-D086427C0AA4}.Analyze|Any CPU.Build.0 = Analyze|Any CPU
		{78DFBB96-C914-343F-BFB8-D086427C0AA4}.Debug|Any CPU.ActiveCfg = Debug|Any CPU
		{78DFBB96-C914-343F-BFB8-D086427C0AA4}.Debug|Any CPU.Build.0 = Debug|Any CPU
		{78DFBB96-C914-343F-BFB8-D086427C0AA4}.Development|Any CPU.ActiveCfg = Development|Any CPU
		{78DFBB96-C914-343F-BFB8-D086427C0AA4}.Development|Any CPU.Build.0 = Development|Any CPU
		{78DFBB96-C914-343F-BFB8-D086427C0AA4}.Release|Any CPU.ActiveCfg = Release|Any CPU
		{78DFBB96-C914-343F-BFB8-D086427C0AA4}.Release|Any CPU.Build.0 = Release|Any CPU
		{E9D143DB-AE26-38FD-AA9A-A758291A3110}.Analyze|Any CPU.ActiveCfg = Analyze|Any CPU
		{E9D143DB-AE26-38FD-AA9A-A758291A3110}.Analyze|Any CPU.Build.0 = Analyze|Any CPU
		{E9D143DB-AE26-38FD-AA9A-A758291A3110}.Debug|Any CPU.ActiveCfg = Debug|Any CPU
		{E9D143DB-AE26-38FD-AA9A-A758291A3110}.Debug|Any CPU.Build.0 = Debug|Any CPU
		{E9D143DB-AE26-38FD-AA9A-A758291A3110}.Development|Any CPU.ActiveCfg = Development|Any CPU
		{E9D143DB-AE26-38FD-AA9A-A758291A3110}.Development|Any CPU.Build.0 = Development|Any CPU
		{E9D143DB-AE26-38FD-AA9A-A758291A3110}.Release|Any CPU.ActiveCfg = Release|Any CPU
		{E9D143DB-AE26-38FD-AA9A-A758291A3110}.Release|Any CPU.Build.0 = Release|Any CPU
		{D0ADB07F-C571-3B66-ACF5-E4B7FC8BFC19}.Analyze|Any CPU.ActiveCfg = Analyze|Any CPU
		{D0ADB07F-C571-3B66-ACF5-E4B7FC8BFC19}.Analyze|Any CPU.Build.0 = Analyze|Any CPU
		{D0ADB07F-C571-3B66-ACF5-E4B7FC8BFC19}.Debug|Any CPU.ActiveCfg = Debug|Any CPU
		{D0ADB07F-C571-3B66-ACF5-E4B7FC8BFC19}.Debug|Any CPU.Build.0 = Debug|Any CPU
		{D0ADB07F-C571-3B66-ACF5-E4B7FC8BFC19}.Development|Any CPU.ActiveCfg = Development|Any CPU
		{D0ADB07F-C571-3B66-ACF5-E4B7FC8BFC19}.Development|Any CPU.Build.0 = Development|Any CPU
		{D0ADB07F-C571-3B66-ACF5-E4B7FC8BFC19}.Release|Any CPU.ActiveCfg = Release|Any CPU
		{D0ADB07F-C571-3B66-ACF5-E4B7FC8BFC19}.Release|Any CPU.Build.0 = Release|Any CPU
		{2C42AC2B-48BF-3F6E-87AA-2A579FF1FD27}.Analyze|Any CPU.ActiveCfg = Analyze|Any CPU
		{2C42AC2B-48BF-3F6E-87AA-2A579FF1FD27}.Analyze|Any CPU.Build.0 = Analyze|Any CPU
		{2C42AC2B-48BF-3F6E-87AA-2A579FF1FD27}.Debug|Any CPU.ActiveCfg = Debug|Any CPU
		{2C42AC2B-48BF-3F6E-87AA-2A579FF1FD27}.Debug|Any CPU.Build.0 = Debug|Any CPU
		{2C42AC2B-48BF-3F6E-87AA-2A579FF1FD27}.Development|Any CPU.ActiveCfg = Development|Any CPU
		{2C42AC2B-48BF-3F6E-87AA-2A579FF1FD27}.Development|Any CPU.Build.0 = Development|Any CPU
		{2C42AC2B-48BF-3F6E-87AA-2A579FF1FD27}.Release|Any CPU.ActiveCfg = Release|Any CPU
		{2C42AC2B-48BF-3F6E-87AA-2A579FF1FD27}.Release|Any CPU.Build.0 = Release|Any CPU
		{AAB31944-A63A-3D19-BBCC-2C11D02DD121}.Analyze|Any CPU.ActiveCfg = Analyze|Any CPU
		{AAB31944-A63A-3D19-BBCC-2C11D02DD121}.Analyze|Any CPU.Build.0 = Analyze|Any CPU
		{AAB31944-A63A-3D19-BBCC-2C11D02DD121}.Debug|Any CPU.ActiveCfg = Debug|Any CPU
		{AAB31944-A63A-3D19-BBCC-2C11D02DD121}.Debug|Any CPU.Build.0 = Debug|Any CPU
		{AAB31944-A63A-3D19-BBCC-2C11D02DD121}.Development|Any CPU.ActiveCfg = Development|Any CPU
		{AAB31944-A63A-3D19-BBCC-2C11D02DD121}.Development|Any CPU.Build.0 = Development|Any CPU
		{AAB31944-A63A-3D19-BBCC-2C11D02DD121}.Release|Any CPU.ActiveCfg = Release|Any CPU
		{AAB31944-A63A-3D19-BBCC-2C11D02DD121}.Release|Any CPU.Build.0 = Release|Any CPU
		{A966764F-847B-31DC-A615-6FEA39E55C99}.Analyze|Any CPU.ActiveCfg = Analyze|Any CPU
		{A966764F-847B-31DC-A615-6FEA39E55C99}.Analyze|Any CPU.Build.0 = Analyze|Any CPU
		{A966764F-847B-31DC-A615-6FEA39E55C99}.Debug|Any CPU.ActiveCfg = Debug|Any CPU
		{A966764F-847B-31DC-A615-6FEA39E55C99}.Debug|Any CPU.Build.0 = Debug|Any CPU
		{A966764F-847B-31DC-A615-6FEA39E55C99}.Development|Any CPU.ActiveCfg = Development|Any CPU
		{A966764F-847B-31DC-A615-6FEA39E55C99}.Development|Any CPU.Build.0 = Development|Any CPU
		{A966764F-847B-31DC-A615-6FEA39E55C99}.Release|Any CPU.ActiveCfg = Release|Any CPU
		{A966764F-847B-31DC-A615-6FEA39E55C99}.Release|Any CPU.Build.0 = Release|Any CPU
		{C138F645-5FCC-3B52-A568-05E7DC41D7F5}.Analyze|Any CPU.ActiveCfg = Analyze|Any CPU
		{C138F645-5FCC-3B52-A568-05E7DC41D7F5}.Analyze|Any CPU.Build.0 = Analyze|Any CPU
		{C138F645-5FCC-3B52-A568-05E7DC41D7F5}.Debug|Any CPU.ActiveCfg = Debug|Any CPU
		{C138F645-5FCC-3B52-A568-05E7DC41D7F5}.Debug|Any CPU.Build.0 = Debug|Any CPU
		{C138F645-5FCC-3B52-A568-05E7DC41D7F5}.Development|Any CPU.ActiveCfg = Development|Any CPU
		{C138F645-5FCC-3B52-A568-05E7DC41D7F5}.Development|Any CPU.Build.0 = Development|Any CPU
		{C138F645-5FCC-3B52-A568-05E7DC41D7F5}.Release|Any CPU.ActiveCfg = Release|Any CPU
		{C138F645-5FCC-3B52-A568-05E7DC41D7F5}.Release|Any CPU.Build.0 = Release|Any CPU
		{F848303E-D8C5-3D6F-9665-710FE6F92D98}.Analyze|Any CPU.ActiveCfg = Analyze|Any CPU
		{F848303E-D8C5-3D6F-9665-710FE6F92D98}.Analyze|Any CPU.Build.0 = Analyze|Any CPU
		{F848303E-D8C5-3D6F-9665-710FE6F92D98}.Debug|Any CPU.ActiveCfg = Debug|Any CPU
		{F848303E-D8C5-3D6F-9665-710FE6F92D98}.Debug|Any CPU.Build.0 = Debug|Any CPU
		{F848303E-D8C5-3D6F-9665-710FE6F92D98}.Development|Any CPU.ActiveCfg = Development|Any CPU
		{F848303E-D8C5-3D6F-9665-710FE6F92D98}.Development|Any CPU.Build.0 = Development|Any CPU
		{F848303E-D8C5-3D6F-9665-710FE6F92D98}.Release|Any CPU.ActiveCfg = Release|Any CPU
		{F848303E-D8C5-3D6F-9665-710FE6F92D98}.Release|Any CPU.Build.0 = Release|Any CPU
		{83CE079C-C2D2-3BFC-BBFF-DEF0B48763BB}.Analyze|Any CPU.ActiveCfg = Analyze|Any CPU
		{83CE079C-C2D2-3BFC-BBFF-DEF0B48763BB}.Analyze|Any CPU.Build.0 = Analyze|Any CPU
		{83CE079C-C2D2-3BFC-BBFF-DEF0B48763BB}.Debug|Any CPU.ActiveCfg = Debug|Any CPU
		{83CE079C-C2D2-3BFC-BBFF-DEF0B48763BB}.Debug|Any CPU.Build.0 = Debug|Any CPU
		{83CE079C-C2D2-3BFC-BBFF-DEF0B48763BB}.Development|Any CPU.ActiveCfg = Development|Any CPU
		{83CE079C-C2D2-3BFC-BBFF-DEF0B48763BB}.Development|Any CPU.Build.0 = Development|Any CPU
		{83CE079C-C2D2-3BFC-BBFF-DEF0B48763BB}.Release|Any CPU.ActiveCfg = Release|Any CPU
		{83CE079C-C2D2-3BFC-BBFF-DEF0B48763BB}.Release|Any CPU.Build.0 = Release|Any CPU
		{90A5C448-C522-3B82-A46A-4CD1221C9ACE}.Analyze|Any CPU.ActiveCfg = Analyze|Any CPU
		{90A5C448-C522-3B82-A46A-4CD1221C9ACE}.Analyze|Any CPU.Build.0 = Analyze|Any CPU
		{90A5C448-C522-3B82-A46A-4CD1221C9ACE}.Debug|Any CPU.ActiveCfg = Debug|Any CPU
		{90A5C448-C522-3B82-A46A-4CD1221C9ACE}.Debug|Any CPU.Build.0 = Debug|Any CPU
		{90A5C448-C522-3B82-A46A-4CD1221C9ACE}.Development|Any CPU.ActiveCfg = Development|Any CPU
		{90A5C448-C522-3B82-A46A-4CD1221C9ACE}.Development|Any CPU.Build.0 = Development|Any CPU
		{90A5C448-C522-3B82-A46A-4CD1221C9ACE}.Release|Any CPU.ActiveCfg = Release|Any CPU
		{90A5C448-C522-3B82-A46A-4CD1221C9ACE}.Release|Any CPU.Build.0 = Release|Any CPU
		{2A34DBFD-2F05-3366-A89D-3E423E245044}.Analyze|Any CPU.ActiveCfg = Analyze|Any CPU
		{2A34DBFD-2F05-3366-A89D-3E423E245044}.Analyze|Any CPU.Build.0 = Analyze|Any CPU
		{2A34DBFD-2F05-3366-A89D-3E423E245044}.Debug|Any CPU.ActiveCfg = Debug|Any CPU
		{2A34DBFD-2F05-3366-A89D-3E423E245044}.Debug|Any CPU.Build.0 = Debug|Any CPU
		{2A34DBFD-2F05-3366-A89D-3E423E245044}.Development|Any CPU.ActiveCfg = Development|Any CPU
		{2A34DBFD-2F05-3366-A89D-3E423E245044}.Development|Any CPU.Build.0 = Development|Any CPU
		{2A34DBFD-2F05-3366-A89D-3E423E245044}.Release|Any CPU.ActiveCfg = Release|Any CPU
		{2A34DBFD-2F05-3366-A89D-3E423E245044}.Release|Any CPU.Build.0 = Release|Any CPU
		{CB61C558-999C-3AB4-BC91-31179341C536}.Analyze|Any CPU.ActiveCfg = Analyze|Any CPU
		{CB61C558-999C-3AB4-BC91-31179341C536}.Analyze|Any CPU.Build.0 = Analyze|Any CPU
		{CB61C558-999C-3AB4-BC91-31179341C536}.Debug|Any CPU.ActiveCfg = Debug|Any CPU
		{CB61C558-999C-3AB4-BC91-31179341C536}.Debug|Any CPU.Build.0 = Debug|Any CPU
		{CB61C558-999C-3AB4-BC91-31179341C536}.Development|Any CPU.ActiveCfg = Development|Any CPU
		{CB61C558-999C-3AB4-BC91-31179341C536}.Development|Any CPU.Build.0 = Development|Any CPU
		{CB61C558-999C-3AB4-BC91-31179341C536}.Release|Any CPU.ActiveCfg = Release|Any CPU
		{CB61C558-999C-3AB4-BC91-31179341C536}.Release|Any CPU.Build.0 = Release|Any CPU
		{A679DD75-6167-36B9-9625-211B8B333C92}.Analyze|Any CPU.ActiveCfg = Analyze|Any CPU
		{A679DD75-6167-36B9-9625-211B8B333C92}.Analyze|Any CPU.Build.0 = Analyze|Any CPU
		{A679DD75-6167-36B9-9625-211B8B333C92}.Debug|Any CPU.ActiveCfg = Debug|Any CPU
		{A679DD75-6167-36B9-9625-211B8B333C92}.Debug|Any CPU.Build.0 = Debug|Any CPU
		{A679DD75-6167-36B9-9625-211B8B333C92}.Development|Any CPU.ActiveCfg = Development|Any CPU
		{A679DD75-6167-36B9-9625-211B8B333C92}.Development|Any CPU.Build.0 = Development|Any CPU
		{A679DD75-6167-36B9-9625-211B8B333C92}.Release|Any CPU.ActiveCfg = Release|Any CPU
		{A679DD75-6167-36B9-9625-211B8B333C92}.Release|Any CPU.Build.0 = Release|Any CPU
		{4FA8CF18-9BBB-3DD8-B8D3-44B5D9AC827C}.Analyze|Any CPU.ActiveCfg = Analyze|Any CPU
		{4FA8CF18-9BBB-3DD8-B8D3-44B5D9AC827C}.Analyze|Any CPU.Build.0 = Analyze|Any CPU
		{4FA8CF18-9BBB-3DD8-B8D3-44B5D9AC827C}.Debug|Any CPU.ActiveCfg = Debug|Any CPU
		{4FA8CF18-9BBB-3DD8-B8D3-44B5D9AC827C}.Debug|Any CPU.Build.0 = Debug|Any CPU
		{4FA8CF18-9BBB-3DD8-B8D3-44B5D9AC827C}.Development|Any CPU.ActiveCfg = Development|Any CPU
		{4FA8CF18-9BBB-3DD8-B8D3-44B5D9AC827C}.Development|Any CPU.Build.0 = Development|Any CPU
		{4FA8CF18-9BBB-3DD8-B8D3-44B5D9AC827C}.Release|Any CPU.ActiveCfg = Release|Any CPU
		{4FA8CF18-9BBB-3DD8-B8D3-44B5D9AC827C}.Release|Any CPU.Build.0 = Release|Any CPU
		{7C507853-F3FD-3BFC-9A6B-6FD40A0912CB}.Analyze|Any CPU.ActiveCfg = Analyze|Any CPU
		{7C507853-F3FD-3BFC-9A6B-6FD40A0912CB}.Analyze|Any CPU.Build.0 = Analyze|Any CPU
		{7C507853-F3FD-3BFC-9A6B-6FD40A0912CB}.Debug|Any CPU.ActiveCfg = Debug|Any CPU
		{7C507853-F3FD-3BFC-9A6B-6FD40A0912CB}.Debug|Any CPU.Build.0 = Debug|Any CPU
		{7C507853-F3FD-3BFC-9A6B-6FD40A0912CB}.Development|Any CPU.ActiveCfg = Development|Any CPU
		{7C507853-F3FD-3BFC-9A6B-6FD40A0912CB}.Development|Any CPU.Build.0 = Development|Any CPU
		{7C507853-F3FD-3BFC-9A6B-6FD40A0912CB}.Release|Any CPU.ActiveCfg = Release|Any CPU
		{7C507853-F3FD-3BFC-9A6B-6FD40A0912CB}.Release|Any CPU.Build.0 = Release|Any CPU
		{DCBE6FF8-FD05-33CE-AC7B-AF5905C17897}.Analyze|Any CPU.ActiveCfg = Analyze|Any CPU
		{DCBE6FF8-FD05-33CE-AC7B-AF5905C17897}.Analyze|Any CPU.Build.0 = Analyze|Any CPU
		{DCBE6FF8-FD05-33CE-AC7B-AF5905C17897}.Debug|Any CPU.ActiveCfg = Debug|Any CPU
		{DCBE6FF8-FD05-33CE-AC7B-AF5905C17897}.Debug|Any CPU.Build.0 = Debug|Any CPU
		{DCBE6FF8-FD05-33CE-AC7B-AF5905C17897}.Development|Any CPU.ActiveCfg = Development|Any CPU
		{DCBE6FF8-FD05-33CE-AC7B-AF5905C17897}.Development|Any CPU.Build.0 = Development|Any CPU
		{DCBE6FF8-FD05-33CE-AC7B-AF5905C17897}.Release|Any CPU.ActiveCfg = Release|Any CPU
		{DCBE6FF8-FD05-33CE-AC7B-AF5905C17897}.Release|Any CPU.Build.0 = Release|Any CPU
		{440FB6B0-99C2-393B-A931-588EFAF939DA}.Analyze|Any CPU.ActiveCfg = Analyze|Any CPU
		{440FB6B0-99C2-393B-A931-588EFAF939DA}.Analyze|Any CPU.Build.0 = Analyze|Any CPU
		{440FB6B0-99C2-393B-A931-588EFAF939DA}.Debug|Any CPU.ActiveCfg = Debug|Any CPU
		{440FB6B0-99C2-393B-A931-588EFAF939DA}.Debug|Any CPU.Build.0 = Debug|Any CPU
		{440FB6B0-99C2-393B-A931-588EFAF939DA}.Development|Any CPU.ActiveCfg = Development|Any CPU
		{440FB6B0-99C2-393B-A931-588EFAF939DA}.Development|Any CPU.Build.0 = Development|Any CPU
		{440FB6B0-99C2-393B-A931-588EFAF939DA}.Release|Any CPU.ActiveCfg = Release|Any CPU
		{440FB6B0-99C2-393B-A931-588EFAF939DA}.Release|Any CPU.Build.0 = Release|Any CPU
		{9A5110F5-EA61-3808-8945-5363019C9A32}.Analyze|Any CPU.ActiveCfg = Analyze|Any CPU
		{9A5110F5-EA61-3808-8945-5363019C9A32}.Analyze|Any CPU.Build.0 = Analyze|Any CPU
		{9A5110F5-EA61-3808-8945-5363019C9A32}.Debug|Any CPU.ActiveCfg = Debug|Any CPU
		{9A5110F5-EA61-3808-8945-5363019C9A32}.Debug|Any CPU.Build.0 = Debug|Any CPU
		{9A5110F5-EA61-3808-8945-5363019C9A32}.Development|Any CPU.ActiveCfg = Development|Any CPU
		{9A5110F5-EA61-3808-8945-5363019C9A32}.Development|Any CPU.Build.0 = Development|Any CPU
		{9A5110F5-EA61-3808-8945-5363019C9A32}.Release|Any CPU.ActiveCfg = Release|Any CPU
		{9A5110F5-EA61-3808-8945-5363019C9A32}.Release|Any CPU.Build.0 = Release|Any CPU
		{806D7774-0186-39E5-BF34-47068FB102F7}.Analyze|Any CPU.ActiveCfg = Analyze|Any CPU
		{806D7774-0186-39E5-BF34-47068FB102F7}.Analyze|Any CPU.Build.0 = Analyze|Any CPU
		{806D7774-0186-39E5-BF34-47068FB102F7}.Debug|Any CPU.ActiveCfg = Debug|Any CPU
		{806D7774-0186-39E5-BF34-47068FB102F7}.Debug|Any CPU.Build.0 = Debug|Any CPU
		{806D7774-0186-39E5-BF34-47068FB102F7}.Development|Any CPU.ActiveCfg = Development|Any CPU
		{806D7774-0186-39E5-BF34-47068FB102F7}.Development|Any CPU.Build.0 = Development|Any CPU
		{806D7774-0186-39E5-BF34-47068FB102F7}.Release|Any CPU.ActiveCfg = Release|Any CPU
		{806D7774-0186-39E5-BF34-47068FB102F7}.Release|Any CPU.Build.0 = Release|Any CPU
		{4CF6FA73-C9A5-33B1-98EF-64CF851E5672}.Analyze|Any CPU.ActiveCfg = Analyze|Any CPU
		{4CF6FA73-C9A5-33B1-98EF-64CF851E5672}.Analyze|Any CPU.Build.0 = Analyze|Any CPU
		{4CF6FA73-C9A5-33B1-98EF-64CF851E5672}.Debug|Any CPU.ActiveCfg = Debug|Any CPU
		{4CF6FA73-C9A5-33B1-98EF-64CF851E5672}.Debug|Any CPU.Build.0 = Debug|Any CPU
		{4CF6FA73-C9A5-33B1-98EF-64CF851E5672}.Development|Any CPU.ActiveCfg = Development|Any CPU
		{4CF6FA73-C9A5-33B1-98EF-64CF851E5672}.Development|Any CPU.Build.0 = Development|Any CPU
		{4CF6FA73-C9A5-33B1-98EF-64CF851E5672}.Release|Any CPU.ActiveCfg = Release|Any CPU
		{4CF6FA73-C9A5-33B1-98EF-64CF851E5672}.Release|Any CPU.Build.0 = Release|Any CPU
		{C54B634B-5BDC-3868-B3EB-A2204D24D20F}.Analyze|Any CPU.ActiveCfg = Analyze|Any CPU
		{C54B634B-5BDC-3868-B3EB-A2204D24D20F}.Analyze|Any CPU.Build.0 = Analyze|Any CPU
		{C54B634B-5BDC-3868-B3EB-A2204D24D20F}.Debug|Any CPU.ActiveCfg = Debug|Any CPU
		{C54B634B-5BDC-3868-B3EB-A2204D24D20F}.Debug|Any CPU.Build.0 = Debug|Any CPU
		{C54B634B-5BDC-3868-B3EB-A2204D24D20F}.Development|Any CPU.ActiveCfg = Development|Any CPU
		{C54B634B-5BDC-3868-B3EB-A2204D24D20F}.Development|Any CPU.Build.0 = Development|Any CPU
		{C54B634B-5BDC-3868-B3EB-A2204D24D20F}.Release|Any CPU.ActiveCfg = Release|Any CPU
		{C54B634B-5BDC-3868-B3EB-A2204D24D20F}.Release|Any CPU.Build.0 = Release|Any CPU
		{5C78233D-4DB7-3B17-B7BA-9680B3FAC0C3}.Analyze|Any CPU.ActiveCfg = Analyze|Any CPU
		{5C78233D-4DB7-3B17-B7BA-9680B3FAC0C3}.Analyze|Any CPU.Build.0 = Analyze|Any CPU
		{5C78233D-4DB7-3B17-B7BA-9680B3FAC0C3}.Debug|Any CPU.ActiveCfg = Debug|Any CPU
		{5C78233D-4DB7-3B17-B7BA-9680B3FAC0C3}.Debug|Any CPU.Build.0 = Debug|Any CPU
		{5C78233D-4DB7-3B17-B7BA-9680B3FAC0C3}.Development|Any CPU.ActiveCfg = Development|Any CPU
		{5C78233D-4DB7-3B17-B7BA-9680B3FAC0C3}.Development|Any CPU.Build.0 = Development|Any CPU
		{5C78233D-4DB7-3B17-B7BA-9680B3FAC0C3}.Release|Any CPU.ActiveCfg = Release|Any CPU
		{5C78233D-4DB7-3B17-B7BA-9680B3FAC0C3}.Release|Any CPU.Build.0 = Release|Any CPU
		{3E7C8BC6-6EF3-3977-A07F-04A5590AA7A8}.Analyze|Any CPU.ActiveCfg = Analyze|Any CPU
		{3E7C8BC6-6EF3-3977-A07F-04A5590AA7A8}.Analyze|Any CPU.Build.0 = Analyze|Any CPU
		{3E7C8BC6-6EF3-3977-A07F-04A5590AA7A8}.Debug|Any CPU.ActiveCfg = Debug|Any CPU
		{3E7C8BC6-6EF3-3977-A07F-04A5590AA7A8}.Debug|Any CPU.Build.0 = Debug|Any CPU
		{3E7C8BC6-6EF3-3977-A07F-04A5590AA7A8}.Development|Any CPU.ActiveCfg = Development|Any CPU
		{3E7C8BC6-6EF3-3977-A07F-04A5590AA7A8}.Development|Any CPU.Build.0 = Development|Any CPU
		{3E7C8BC6-6EF3-3977-A07F-04A5590AA7A8}.Release|Any CPU.ActiveCfg = Release|Any CPU
		{3E7C8BC6-6EF3-3977-A07F-04A5590AA7A8}.Release|Any CPU.Build.0 = Release|Any CPU
		{544F1E46-E3E1-3B15-9A2E-8CC0C9B7844D}.Analyze|Any CPU.ActiveCfg = Analyze|Any CPU
		{544F1E46-E3E1-3B15-9A2E-8CC0C9B7844D}.Analyze|Any CPU.Build.0 = Analyze|Any CPU
		{544F1E46-E3E1-3B15-9A2E-8CC0C9B7844D}.Debug|Any CPU.ActiveCfg = Debug|Any CPU
		{544F1E46-E3E1-3B15-9A2E-8CC0C9B7844D}.Debug|Any CPU.Build.0 = Debug|Any CPU
		{544F1E46-E3E1-3B15-9A2E-8CC0C9B7844D}.Development|Any CPU.ActiveCfg = Development|Any CPU
		{544F1E46-E3E1-3B15-9A2E-8CC0C9B7844D}.Development|Any CPU.Build.0 = Development|Any CPU
		{544F1E46-E3E1-3B15-9A2E-8CC0C9B7844D}.Release|Any CPU.ActiveCfg = Release|Any CPU
		{544F1E46-E3E1-3B15-9A2E-8CC0C9B7844D}.Release|Any CPU.Build.0 = Release|Any CPU
		{DF994F52-1072-3DEC-B7D3-728B67FE57F0}.Analyze|Any CPU.ActiveCfg = Analyze|Any CPU
		{DF994F52-1072-3DEC-B7D3-728B67FE57F0}.Analyze|Any CPU.Build.0 = Analyze|Any CPU
		{DF994F52-1072-3DEC-B7D3-728B67FE57F0}.Debug|Any CPU.ActiveCfg = Debug|Any CPU
		{DF994F52-1072-3DEC-B7D3-728B67FE57F0}.Debug|Any CPU.Build.0 = Debug|Any CPU
		{DF994F52-1072-3DEC-B7D3-728B67FE57F0}.Development|Any CPU.ActiveCfg = Development|Any CPU
		{DF994F52-1072-3DEC-B7D3-728B67FE57F0}.Development|Any CPU.Build.0 = Development|Any CPU
		{DF994F52-1072-3DEC-B7D3-728B67FE57F0}.Release|Any CPU.ActiveCfg = Release|Any CPU
		{DF994F52-1072-3DEC-B7D3-728B67FE57F0}.Release|Any CPU.Build.0 = Release|Any CPU
		{BD2275F1-052B-3E91-9C98-D503708628FC}.Analyze|Any CPU.ActiveCfg = Analyze|Any CPU
		{BD2275F1-052B-3E91-9C98-D503708628FC}.Analyze|Any CPU.Build.0 = Analyze|Any CPU
		{BD2275F1-052B-3E91-9C98-D503708628FC}.Debug|Any CPU.ActiveCfg = Debug|Any CPU
		{BD2275F1-052B-3E91-9C98-D503708628FC}.Debug|Any CPU.Build.0 = Debug|Any CPU
		{BD2275F1-052B-3E91-9C98-D503708628FC}.Development|Any CPU.ActiveCfg = Development|Any CPU
		{BD2275F1-052B-3E91-9C98-D503708628FC}.Development|Any CPU.Build.0 = Development|Any CPU
		{BD2275F1-052B-3E91-9C98-D503708628FC}.Release|Any CPU.ActiveCfg = Release|Any CPU
		{BD2275F1-052B-3E91-9C98-D503708628FC}.Release|Any CPU.Build.0 = Release|Any CPU
		{810789FA-BB0E-3B54-99D3-B89C9695CED8}.Analyze|Any CPU.ActiveCfg = Analyze|Any CPU
		{810789FA-BB0E-3B54-99D3-B89C9695CED8}.Analyze|Any CPU.Build.0 = Analyze|Any CPU
		{810789FA-BB0E-3B54-99D3-B89C9695CED8}.Debug|Any CPU.ActiveCfg = Debug|Any CPU
		{810789FA-BB0E-3B54-99D3-B89C9695CED8}.Debug|Any CPU.Build.0 = Debug|Any CPU
		{810789FA-BB0E-3B54-99D3-B89C9695CED8}.Development|Any CPU.ActiveCfg = Development|Any CPU
		{810789FA-BB0E-3B54-99D3-B89C9695CED8}.Development|Any CPU.Build.0 = Development|Any CPU
		{810789FA-BB0E-3B54-99D3-B89C9695CED8}.Release|Any CPU.ActiveCfg = Release|Any CPU
		{810789FA-BB0E-3B54-99D3-B89C9695CED8}.Release|Any CPU.Build.0 = Release|Any CPU
		{852FD63D-636A-3B41-B073-96EEA8068581}.Analyze|Any CPU.ActiveCfg = Analyze|Any CPU
		{852FD63D-636A-3B41-B073-96EEA8068581}.Analyze|Any CPU.Build.0 = Analyze|Any CPU
		{852FD63D-636A-3B41-B073-96EEA8068581}.Debug|Any CPU.ActiveCfg = Debug|Any CPU
		{852FD63D-636A-3B41-B073-96EEA8068581}.Debug|Any CPU.Build.0 = Debug|Any CPU
		{852FD63D-636A-3B41-B073-96EEA8068581}.Development|Any CPU.ActiveCfg = Development|Any CPU
		{852FD63D-636A-3B41-B073-96EEA8068581}.Development|Any CPU.Build.0 = Development|Any CPU
		{852FD63D-636A-3B41-B073-96EEA8068581}.Release|Any CPU.ActiveCfg = Release|Any CPU
		{852FD63D-636A-3B41-B073-96EEA8068581}.Release|Any CPU.Build.0 = Release|Any CPU
		{E0360880-E389-3D03-BC44-A580674FBCA9}.Analyze|Any CPU.ActiveCfg = Analyze|Any CPU
		{E0360880-E389-3D03-BC44-A580674FBCA9}.Analyze|Any CPU.Build.0 = Analyze|Any CPU
		{E0360880-E389-3D03-BC44-A580674FBCA9}.Debug|Any CPU.ActiveCfg = Debug|Any CPU
		{E0360880-E389-3D03-BC44-A580674FBCA9}.Debug|Any CPU.Build.0 = Debug|Any CPU
		{E0360880-E389-3D03-BC44-A580674FBCA9}.Development|Any CPU.ActiveCfg = Development|Any CPU
		{E0360880-E389-3D03-BC44-A580674FBCA9}.Development|Any CPU.Build.0 = Development|Any CPU
		{E0360880-E389-3D03-BC44-A580674FBCA9}.Release|Any CPU.ActiveCfg = Release|Any CPU
		{E0360880-E389-3D03-BC44-A580674FBCA9}.Release|Any CPU.Build.0 = Release|Any CPU
		{E60C87AB-1E2C-3EDF-9A68-15AA5F1F835E}.Analyze|Any CPU.ActiveCfg = Analyze|Any CPU
		{E60C87AB-1E2C-3EDF-9A68-15AA5F1F835E}.Analyze|Any CPU.Build.0 = Analyze|Any CPU
		{E60C87AB-1E2C-3EDF-9A68-15AA5F1F835E}.Debug|Any CPU.ActiveCfg = Debug|Any CPU
		{E60C87AB-1E2C-3EDF-9A68-15AA5F1F835E}.Debug|Any CPU.Build.0 = Debug|Any CPU
		{E60C87AB-1E2C-3EDF-9A68-15AA5F1F835E}.Development|Any CPU.ActiveCfg = Development|Any CPU
		{E60C87AB-1E2C-3EDF-9A68-15AA5F1F835E}.Development|Any CPU.Build.0 = Development|Any CPU
		{E60C87AB-1E2C-3EDF-9A68-15AA5F1F835E}.Release|Any CPU.ActiveCfg = Release|Any CPU
		{E60C87AB-1E2C-3EDF-9A68-15AA5F1F835E}.Release|Any CPU.Build.0 = Release|Any CPU
		{6ED7B1BC-AC53-3317-B5F9-A0F07B44016B}.Analyze|Any CPU.ActiveCfg = Analyze|Any CPU
		{6ED7B1BC-AC53-3317-B5F9-A0F07B44016B}.Analyze|Any CPU.Build.0 = Analyze|Any CPU
		{6ED7B1BC-AC53-3317-B5F9-A0F07B44016B}.Debug|Any CPU.ActiveCfg = Debug|Any CPU
		{6ED7B1BC-AC53-3317-B5F9-A0F07B44016B}.Debug|Any CPU.Build.0 = Debug|Any CPU
		{6ED7B1BC-AC53-3317-B5F9-A0F07B44016B}.Development|Any CPU.ActiveCfg = Development|Any CPU
		{6ED7B1BC-AC53-3317-B5F9-A0F07B44016B}.Development|Any CPU.Build.0 = Development|Any CPU
		{6ED7B1BC-AC53-3317-B5F9-A0F07B44016B}.Release|Any CPU.ActiveCfg = Release|Any CPU
		{6ED7B1BC-AC53-3317-B5F9-A0F07B44016B}.Release|Any CPU.Build.0 = Release|Any CPU
		{B1166075-A35E-34FD-95D9-C8C8157E6B5D}.Analyze|Any CPU.ActiveCfg = Analyze|Any CPU
		{B1166075-A35E-34FD-95D9-C8C8157E6B5D}.Analyze|Any CPU.Build.0 = Analyze|Any CPU
		{B1166075-A35E-34FD-95D9-C8C8157E6B5D}.Debug|Any CPU.ActiveCfg = Debug|Any CPU
		{B1166075-A35E-34FD-95D9-C8C8157E6B5D}.Debug|Any CPU.Build.0 = Debug|Any CPU
		{B1166075-A35E-34FD-95D9-C8C8157E6B5D}.Development|Any CPU.ActiveCfg = Development|Any CPU
		{B1166075-A35E-34FD-95D9-C8C8157E6B5D}.Development|Any CPU.Build.0 = Development|Any CPU
		{B1166075-A35E-34FD-95D9-C8C8157E6B5D}.Release|Any CPU.ActiveCfg = Release|Any CPU
		{B1166075-A35E-34FD-95D9-C8C8157E6B5D}.Release|Any CPU.Build.0 = Release|Any CPU
		{FE1F307E-8119-3FC5-9334-C4D11755C672}.Analyze|Any CPU.ActiveCfg = Analyze|Any CPU
		{FE1F307E-8119-3FC5-9334-C4D11755C672}.Analyze|Any CPU.Build.0 = Analyze|Any CPU
		{FE1F307E-8119-3FC5-9334-C4D11755C672}.Debug|Any CPU.ActiveCfg = Debug|Any CPU
		{FE1F307E-8119-3FC5-9334-C4D11755C672}.Debug|Any CPU.Build.0 = Debug|Any CPU
		{FE1F307E-8119-3FC5-9334-C4D11755C672}.Development|Any CPU.ActiveCfg = Development|Any CPU
		{FE1F307E-8119-3FC5-9334-C4D11755C672}.Development|Any CPU.Build.0 = Development|Any CPU
		{FE1F307E-8119-3FC5-9334-C4D11755C672}.Release|Any CPU.ActiveCfg = Release|Any CPU
		{FE1F307E-8119-3FC5-9334-C4D11755C672}.Release|Any CPU.Build.0 = Release|Any CPU
		{4E058F67-755F-3DF0-9B2A-E4753981D96C}.Analyze|Any CPU.ActiveCfg = Analyze|Any CPU
		{4E058F67-755F-3DF0-9B2A-E4753981D96C}.Analyze|Any CPU.Build.0 = Analyze|Any CPU
		{4E058F67-755F-3DF0-9B2A-E4753981D96C}.Debug|Any CPU.ActiveCfg = Debug|Any CPU
		{4E058F67-755F-3DF0-9B2A-E4753981D96C}.Debug|Any CPU.Build.0 = Debug|Any CPU
		{4E058F67-755F-3DF0-9B2A-E4753981D96C}.Development|Any CPU.ActiveCfg = Development|Any CPU
		{4E058F67-755F-3DF0-9B2A-E4753981D96C}.Development|Any CPU.Build.0 = Development|Any CPU
		{4E058F67-755F-3DF0-9B2A-E4753981D96C}.Release|Any CPU.ActiveCfg = Release|Any CPU
		{4E058F67-755F-3DF0-9B2A-E4753981D96C}.Release|Any CPU.Build.0 = Release|Any CPU
	EndGlobalSection
	GlobalSection(SolutionProperties) = preSolution
		HideSolutionNode = FALSE
	EndGlobalSection
	GlobalSection(NestedProjects) = preSolution
		{F848303E-D8C5-3D6F-9665-710FE6F92D98} = {58A72724-8CB8-3260-8ADB-0161BCAC3D64}
		{83CE079C-C2D2-3BFC-BBFF-DEF0B48763BB} = {58A72724-8CB8-3260-8ADB-0161BCAC3D64}
		{90A5C448-C522-3B82-A46A-4CD1221C9ACE} = {58A72724-8CB8-3260-8ADB-0161BCAC3D64}
		{2A34DBFD-2F05-3366-A89D-3E423E245044} = {58A72724-8CB8-3260-8ADB-0161BCAC3D64}
		{CB61C558-999C-3AB4-BC91-31179341C536} = {58A72724-8CB8-3260-8ADB-0161BCAC3D64}
		{A679DD75-6167-36B9-9625-211B8B333C92} = {58A72724-8CB8-3260-8ADB-0161BCAC3D64}
		{4FA8CF18-9BBB-3DD8-B8D3-44B5D9AC827C} = {58A72724-8CB8-3260-8ADB-0161BCAC3D64}
		{7C507853-F3FD-3BFC-9A6B-6FD40A0912CB} = {58A72724-8CB8-3260-8ADB-0161BCAC3D64}
		{DCBE6FF8-FD05-33CE-AC7B-AF5905C17897} = {58A72724-8CB8-3260-8ADB-0161BCAC3D64}
		{440FB6B0-99C2-393B-A931-588EFAF939DA} = {58A72724-8CB8-3260-8ADB-0161BCAC3D64}
		{9A5110F5-EA61-3808-8945-5363019C9A32} = {58A72724-8CB8-3260-8ADB-0161BCAC3D64}
		{806D7774-0186-39E5-BF34-47068FB102F7} = {58A72724-8CB8-3260-8ADB-0161BCAC3D64}
		{4CF6FA73-C9A5-33B1-98EF-64CF851E5672} = {58A72724-8CB8-3260-8ADB-0161BCAC3D64}
		{C54B634B-5BDC-3868-B3EB-A2204D24D20F} = {58A72724-8CB8-3260-8ADB-0161BCAC3D64}
		{5C78233D-4DB7-3B17-B7BA-9680B3FAC0C3} = {58A72724-8CB8-3260-8ADB-0161BCAC3D64}
		{3E7C8BC6-6EF3-3977-A07F-04A5590AA7A8} = {58A72724-8CB8-3260-8ADB-0161BCAC3D64}
		{544F1E46-E3E1-3B15-9A2E-8CC0C9B7844D} = {58A72724-8CB8-3260-8ADB-0161BCAC3D64}
		{DF994F52-1072-3DEC-B7D3-728B67FE57F0} = {58A72724-8CB8-3260-8ADB-0161BCAC3D64}
		{BD2275F1-052B-3E91-9C98-D503708628FC} = {63F96FAF-71A6-3DD6-AF0D-64B1504528FF}
		{810789FA-BB0E-3B54-99D3-B89C9695CED8} = {63F96FAF-71A6-3DD6-AF0D-64B1504528FF}
		{852FD63D-636A-3B41-B073-96EEA8068581} = {63F96FAF-71A6-3DD6-AF0D-64B1504528FF}
		{E0360880-E389-3D03-BC44-A580674FBCA9} = {63F96FAF-71A6-3DD6-AF0D-64B1504528FF}
		{E60C87AB-1E2C-3EDF-9A68-15AA5F1F835E} = {63F96FAF-71A6-3DD6-AF0D-64B1504528FF}
		{6ED7B1BC-AC53-3317-B5F9-A0F07B44016B} = {63F96FAF-71A6-3DD6-AF0D-64B1504528FF}
		{B1166075-A35E-34FD-95D9-C8C8157E6B5D} = {63F96FAF-71A6-3DD6-AF0D-64B1504528FF}
		{FE1F307E-8119-3FC5-9334-C4D11755C672} = {63F96FAF-71A6-3DD6-AF0D-64B1504528FF}
		{4E058F67-755F-3DF0-9B2A-E4753981D96C} = {63F96FAF-71A6-3DD6-AF0D-64B1504528FF}
	EndGlobalSection
EndGlobal
